
Microsoft Visual Studio Solution File, Format Version 12.00
# Visual Studio Version 17
VisualStudioVersion = 17.11.35222.181
MinimumVisualStudioVersion = 10.0.40219.1
Project("{FAE04EC0-301F-11D3-BF4B-00C04F79EFBC}") = "sweetShopManagementSystem", "sweetShopManagementSystem.csproj", "{38B6027C-88A5-4E59-82F9-3487DEE5B5BA}"
EndProject
Global
	GlobalSection(SolutionConfigurationPlatforms) = preSolution
		Debug|Any CPU = Debug|Any CPU
		Release|Any CPU = Release|Any CPU
	EndGlobalSection
	GlobalSection(ProjectConfigurationPlatforms) = postSolution
		{38B6027C-88A5-4E59-82F9-3487DEE5B5BA}.Debug|Any CPU.ActiveCfg = Debug|Any CPU
		{38B6027C-88A5-4E59-82F9-3487DEE5B5BA}.Debug|Any CPU.Build.0 = Debug|Any CPU
		{38B6027C-88A5-4E59-82F9-3487DEE5B5BA}.Release|Any CPU.ActiveCfg = Release|Any CPU
		{38B6027C-88A5-4E59-82F9-3487DEE5B5BA}.Release|Any CPU.Build.0 = Release|Any CPU
	EndGlobalSection
	GlobalSection(SolutionProperties) = preSolution
		HideSolutionNode = FALSE
	EndGlobalSection
	GlobalSection(ExtensibilityGlobals) = postSolution
		SolutionGuid = {4E4217B9-A9E1-4779-8DA7-EC35D8430C82}
	EndGlobalSection
EndGlobal
